version = 1
revision = 2
requires-python = ">=3.10"

[[package]]
name = "asgiref"
version = "3.9.1"
source = { registry = "https://pypi.org/simple" }
dependencies = [
    { name = "typing-extensions", marker = "python_full_version < '3.11'" },
]
sdist = { url = "https://files.pythonhosted.org/packages/90/61/0aa957eec22ff70b830b22ff91f825e70e1ef732c06666a805730f28b36b/asgiref-3.9.1.tar.gz", hash = "sha256:a5ab6582236218e5ef1648f242fd9f10626cfd4de8dc377db215d5d5098e3142", size = 36870, upload_time = "2025-07-08T09:07:43.344Z" }
wheels = [
    { url = "https://files.pythonhosted.org/packages/7c/3c/0464dcada90d5da0e71018c04a140ad6349558afb30b3051b4264cc5b965/asgiref-3.9.1-py3-none-any.whl", hash = "sha256:f3bba7092a48005b5f5bacd747d36ee4a5a61f4a269a6df590b43144355ebd2c", size = 23790, upload_time = "2025-07-08T09:07:41.548Z" },
]

[[package]]
name = "django"
version = "5.2.4"
source = { registry = "https://pypi.org/simple" }
dependencies = [
    { name = "asgiref" },
    { name = "sqlparse" },
    { name = "tzdata", marker = "sys_platform == 'win32'" },
]
sdist = { url = "https://files.pythonhosted.org/packages/9c/7e/034f0f9fb10c029a02daaf44d364d6bf2eced8c73f0d38c69da359d26b01/django-5.2.4.tar.gz", hash = "sha256:a1228c384f8fa13eebc015196db7b3e08722c5058d4758d20cb287503a540d8f", size = 10831909, upload_time = "2025-07-02T18:47:39.19Z" }
wheels = [
    { url = "https://files.pythonhosted.org/packages/14/ae/706965237a672434c8b520e89a818e8b047af94e9beb342d0bee405c26c7/django-5.2.4-py3-none-any.whl", hash = "sha256:60c35bd96201b10c6e7a78121bd0da51084733efa303cc19ead021ab179cef5e", size = 8302187, upload_time = "2025-07-02T18:47:35.373Z" },
]

[[package]]
name = "django-allauth"
version = "65.10.0"
source = { registry = "https://pypi.org/simple" }
dependencies = [
    { name = "asgiref" },
    { name = "django" },
]
sdist = { url = "https://files.pythonhosted.org/packages/e1/9e/271e3b8ea27c089ddf3431140cf4aa86df86556ec102e360da5af62c3a99/django_allauth-65.10.0.tar.gz", hash = "sha256:47daa3b0e11a1d75724ea32995de37bd2b8963e9e4cce2b3a7fd64eb6d3b3c48", size = 1897777, upload_time = "2025-07-10T11:32:44.098Z" }

[[package]]
name = "django-cotton"
version = "2.1.3"
source = { registry = "https://pypi.org/simple" }
dependencies = [
    { name = "django" },
]
sdist = { url = "https://files.pythonhosted.org/packages/c3/99/36e318ebd1ace3fc874541a02e7e4149def8e21aab85aceb7bb01e17607b/django_cotton-2.1.3.tar.gz", hash = "sha256:737f9c088549d7febbf78532856ddf1270799675a4bc9fa191a5db0e195a9c13", size = 23432, upload_time = "2025-06-30T17:31:29.29Z" }
wheels = [
    { url = "https://files.pythonhosted.org/packages/ad/ec/5e5318af0304962be43e3b912aef024d8ac08c0f9a9dfcc4f0cd55d0e74e/django_cotton-2.1.3-py3-none-any.whl", hash = "sha256:f33658d05a8f5ecf7448bdf1089e2ad27d2ce42e59c752216129701d7d153c89", size = 22214, upload_time = "2025-06-30T17:31:28.093Z" },
]

[[package]]
name = "django-tailwind"
version = "4.2.0"
source = { registry = "https://pypi.org/simple" }
dependencies = [
    { name = "django" },
]
sdist = { url = "https://files.pythonhosted.org/packages/1e/75/f244c147c6fe04a565f36721cf04d8b36c8bae8bdd17ec1656603d71ce05/django_tailwind-4.2.0.tar.gz", hash = "sha256:60bae45a9981bdf3ebaaa4a8e588533327c90e5857a64f57c26a39b7f234ac0e", size = 11734, upload_time = "2025-07-08T20:56:45.185Z" }
wheels = [
    { url = "https://files.pythonhosted.org/packages/b8/f5/f91497da51098d7a25ee7409a49d24c880e3af3664da0872dbe238a7174b/django_tailwind-4.2.0-py3-none-any.whl", hash = "sha256:ff40ccb263faefac555fbaa340d6014f2b07fee6be2c8d5659f2cd63dbce02e9", size = 19225, upload_time = "2025-07-08T20:56:43.908Z" },
]

[[package]]
name = "lilnotes"
version = "0.1.0"
source = { virtual = "." }
dependencies = [
    { name = "django" },
    { name = "django-allauth" },
    { name = "django-cotton" },
    { name = "django-tailwind" },
]

[package.metadata]
requires-dist = [
    { name = "django", specifier = ">=5.2.4" },
    { name = "django-allauth", specifier = ">=65.10.0" },
    { name = "django-cotton", specifier = ">=2.1.3" },
    { name = "django-tailwind", specifier = ">=4.2.0" },
]

[[package]]
name = "sqlparse"
version = "0.5.3"
source = { registry = "https://pypi.org/simple" }
sdist = { url = "https://files.pythonhosted.org/packages/e5/40/edede8dd6977b0d3da179a342c198ed100dd2aba4be081861ee5911e4da4/sqlparse-0.5.3.tar.gz", hash = "sha256:09f67787f56a0b16ecdbde1bfc7f5d9c3371ca683cfeaa8e6ff60b4807ec9272", size = 84999, upload_time = "2024-12-10T12:05:30.728Z" }
wheels = [
    { url = "https://files.pythonhosted.org/packages/a9/5c/bfd6bd0bf979426d405cc6e71eceb8701b148b16c21d2dc3c261efc61c7b/sqlparse-0.5.3-py3-none-any.whl", hash = "sha256:cf2196ed3418f3ba5de6af7e82c694a9fbdbfecccdfc72e281548517081f16ca", size = 44415, upload_time = "2024-12-10T12:05:27.824Z" },
]

[[package]]
name = "typing-extensions"
version = "4.14.1"
source = { registry = "https://pypi.org/simple" }
sdist = { url = "https://files.pythonhosted.org/packages/98/5a/da40306b885cc8c09109dc2e1abd358d5684b1425678151cdaed4731c822/typing_extensions-4.14.1.tar.gz", hash = "sha256:38b39f4aeeab64884ce9f74c94263ef78f3c22467c8724005483154c26648d36", size = 107673, upload_time = "2025-07-04T13:28:34.16Z" }
wheels = [
    { url = "https://files.pythonhosted.org/packages/b5/00/d631e67a838026495268c2f6884f3711a15a9a2a96cd244fdaea53b823fb/typing_extensions-4.14.1-py3-none-any.whl", hash = "sha256:d1e1e3b58374dc93031d6eda2420a48ea44a36c2b4766a4fdeb3710755731d76", size = 43906, upload_time = "2025-07-04T13:28:32.743Z" },
]

[[package]]
name = "tzdata"
version = "2025.2"
source = { registry = "https://pypi.org/simple" }
sdist = { url = "https://files.pythonhosted.org/packages/95/32/1a225d6164441be760d75c2c42e2780dc0873fe382da3e98a2e1e48361e5/tzdata-2025.2.tar.gz", hash = "sha256:b60a638fcc0daffadf82fe0f57e53d06bdec2f36c4df66280ae79bce6bd6f2b9", size = 196380, upload_time = "2025-03-23T13:54:43.652Z" }
wheels = [
    { url = "https://files.pythonhosted.org/packages/5c/23/c7abc0ca0a1526a0774eca151daeb8de62ec457e77262b66b359c3c7679e/tzdata-2025.2-py2.py3-none-any.whl", hash = "sha256:1a403fada01ff9221ca8044d701868fa132215d84beb92242d9acd2147f667a8", size = 347839, upload_time = "2025-03-23T13:54:41.845Z" },
]
